
Microsoft Visual Studio Solution File, Format Version 12.00
Project("{FAE04EC0-301F-11D3-BF4B-00C04F79EFBC}") = "Bridge", "Bridge\Bridge.csproj", "{C733B835-4FD6-4585-90DE-B421C894A140}"
EndProject
Global
	GlobalSection(SolutionConfigurationPlatforms) = preSolution
		Debug|Any CPU = Debug|Any CPU
		Release|Any CPU = Release|Any CPU
	EndGlobalSection
	GlobalSection(ProjectConfigurationPlatforms) = postSolution
		{C733B835-4FD6-4585-90DE-B421C894A140}.Debug|Any CPU.ActiveCfg = Debug|Any CPU
		{C733B835-4FD6-4585-90DE-B421C894A140}.Debug|Any CPU.Build.0 = Debug|Any CPU
		{C733B835-4FD6-4585-90DE-B421C894A140}.Release|Any CPU.ActiveCfg = Release|Any CPU
		{C733B835-4FD6-4585-90DE-B421C894A140}.Release|Any CPU.Build.0 = Release|Any CPU
	EndGlobalSection
EndGlobal
